// !$*UTF8*$!
{
	archiveVersion = 1;
	classes = {
	};
	objectVersion = 56;
	objects = {

/* Begin PBXBuildFile section */
		75F6DFF32C438AEC003CBB98 /* AppDelegate.swift in Sources */ = {isa = PBXBuildFile; fileRef = 75F6DFF22C438AEC003CBB98 /* AppDelegate.swift */; };
		75F6DFF52C438AEC003CBB98 /* SceneDelegate.swift in Sources */ = {isa = PBXBuildFile; fileRef = 75F6DFF42C438AEC003CBB98 /* SceneDelegate.swift */; };
		75F6DFF72C438AEC003CBB98 /* RMTabBarViewController.swift in Sources */ = {isa = PBXBuildFile; fileRef = 75F6DFF62C438AEC003CBB98 /* RMTabBarViewController.swift */; };
		75F6DFFC2C438AEC003CBB98 /* Assets.xcassets in Resources */ = {isa = PBXBuildFile; fileRef = 75F6DFFB2C438AEC003CBB98 /* Assets.xcassets */; };
		75F6DFFF2C438AEC003CBB98 /* Base in Resources */ = {isa = PBXBuildFile; fileRef = 75F6DFFE2C438AEC003CBB98 /* Base */; };
		75F6E00A2C438AED003CBB98 /* RickMortyTests.swift in Sources */ = {isa = PBXBuildFile; fileRef = 75F6E0092C438AED003CBB98 /* RickMortyTests.swift */; };
		75F6E0142C438AED003CBB98 /* RickMortyUITests.swift in Sources */ = {isa = PBXBuildFile; fileRef = 75F6E0132C438AED003CBB98 /* RickMortyUITests.swift */; };
		75F6E0162C438AED003CBB98 /* RickMortyUITestsLaunchTests.swift in Sources */ = {isa = PBXBuildFile; fileRef = 75F6E0152C438AED003CBB98 /* RickMortyUITestsLaunchTests.swift */; };
		75F6E0272C439B3A003CBB98 /* RMCharViewController.swift in Sources */ = {isa = PBXBuildFile; fileRef = 75F6E0262C439B3A003CBB98 /* RMCharViewController.swift */; };
		75F6E0292C439B4D003CBB98 /* RMEpisodeViewController.swift in Sources */ = {isa = PBXBuildFile; fileRef = 75F6E0282C439B4D003CBB98 /* RMEpisodeViewController.swift */; };
		75F6E02B2C439B57003CBB98 /* RMLocationViewController.swift in Sources */ = {isa = PBXBuildFile; fileRef = 75F6E02A2C439B57003CBB98 /* RMLocationViewController.swift */; };
		75F6E02D2C439C90003CBB98 /* RMSettingsViewController.swift in Sources */ = {isa = PBXBuildFile; fileRef = 75F6E02C2C439C90003CBB98 /* RMSettingsViewController.swift */; };
		75F6E0302C4561E3003CBB98 /* RMService.swift in Sources */ = {isa = PBXBuildFile; fileRef = 75F6E02F2C4561E3003CBB98 /* RMService.swift */; };
		75F6E0322C4561EF003CBB98 /* RMRequest.swift in Sources */ = {isa = PBXBuildFile; fileRef = 75F6E0312C4561EF003CBB98 /* RMRequest.swift */; };
		75F6E0342C456276003CBB98 /* RMEndpoint.swift in Sources */ = {isa = PBXBuildFile; fileRef = 75F6E0332C456276003CBB98 /* RMEndpoint.swift */; };
/* End PBXBuildFile section */

/* Begin PBXContainerItemProxy section */
		75F6E0062C438AED003CBB98 /* PBXContainerItemProxy */ = {
			isa = PBXContainerItemProxy;
			containerPortal = 75F6DFE72C438AEC003CBB98 /* Project object */;
			proxyType = 1;
			remoteGlobalIDString = 75F6DFEE2C438AEC003CBB98;
			remoteInfo = RickMorty;
		};
		75F6E0102C438AED003CBB98 /* PBXContainerItemProxy */ = {
			isa = PBXContainerItemProxy;
			containerPortal = 75F6DFE72C438AEC003CBB98 /* Project object */;
			proxyType = 1;
			remoteGlobalIDString = 75F6DFEE2C438AEC003CBB98;
			remoteInfo = RickMorty;
		};
/* End PBXContainerItemProxy section */

/* Begin PBXFileReference section */
		75F6DFEF2C438AEC003CBB98 /* RickMorty.app */ = {isa = PBXFileReference; explicitFileType = wrapper.application; includeInIndex = 0; path = RickMorty.app; sourceTree = BUILT_PRODUCTS_DIR; };
		75F6DFF22C438AEC003CBB98 /* AppDelegate.swift */ = {isa = PBXFileReference; lastKnownFileType = sourcecode.swift; path = AppDelegate.swift; sourceTree = "<group>"; };
		75F6DFF42C438AEC003CBB98 /* SceneDelegate.swift */ = {isa = PBXFileReference; lastKnownFileType = sourcecode.swift; path = SceneDelegate.swift; sourceTree = "<group>"; };
		75F6DFF62C438AEC003CBB98 /* RMTabBarViewController.swift */ = {isa = PBXFileReference; lastKnownFileType = sourcecode.swift; path = RMTabBarViewController.swift; sourceTree = "<group>"; };
		75F6DFFB2C438AEC003CBB98 /* Assets.xcassets */ = {isa = PBXFileReference; lastKnownFileType = folder.assetcatalog; path = Assets.xcassets; sourceTree = "<group>"; };
		75F6DFFE2C438AEC003CBB98 /* Base */ = {isa = PBXFileReference; lastKnownFileType = file.storyboard; name = Base; path = Base.lproj/LaunchScreen.storyboard; sourceTree = "<group>"; };
		75F6E0002C438AEC003CBB98 /* Info.plist */ = {isa = PBXFileReference; lastKnownFileType = text.plist.xml; path = Info.plist; sourceTree = "<group>"; };
		75F6E0052C438AED003CBB98 /* RickMortyTests.xctest */ = {isa = PBXFileReference; explicitFileType = wrapper.cfbundle; includeInIndex = 0; path = RickMortyTests.xctest; sourceTree = BUILT_PRODUCTS_DIR; };
		75F6E0092C438AED003CBB98 /* RickMortyTests.swift */ = {isa = PBXFileReference; lastKnownFileType = sourcecode.swift; path = RickMortyTests.swift; sourceTree = "<group>"; };
		75F6E00F2C438AED003CBB98 /* RickMortyUITests.xctest */ = {isa = PBXFileReference; explicitFileType = wrapper.cfbundle; includeInIndex = 0; path = RickMortyUITests.xctest; sourceTree = BUILT_PRODUCTS_DIR; };
		75F6E0132C438AED003CBB98 /* RickMortyUITests.swift */ = {isa = PBXFileReference; lastKnownFileType = sourcecode.swift; path = RickMortyUITests.swift; sourceTree = "<group>"; };
		75F6E0152C438AED003CBB98 /* RickMortyUITestsLaunchTests.swift */ = {isa = PBXFileReference; lastKnownFileType = sourcecode.swift; path = RickMortyUITestsLaunchTests.swift; sourceTree = "<group>"; };
		75F6E0262C439B3A003CBB98 /* RMCharViewController.swift */ = {isa = PBXFileReference; lastKnownFileType = sourcecode.swift; path = RMCharViewController.swift; sourceTree = "<group>"; };
		75F6E0282C439B4D003CBB98 /* RMEpisodeViewController.swift */ = {isa = PBXFileReference; lastKnownFileType = sourcecode.swift; path = RMEpisodeViewController.swift; sourceTree = "<group>"; };
		75F6E02A2C439B57003CBB98 /* RMLocationViewController.swift */ = {isa = PBXFileReference; lastKnownFileType = sourcecode.swift; path = RMLocationViewController.swift; sourceTree = "<group>"; };
		75F6E02C2C439C90003CBB98 /* RMSettingsViewController.swift */ = {isa = PBXFileReference; lastKnownFileType = sourcecode.swift; path = RMSettingsViewController.swift; sourceTree = "<group>"; };
		75F6E02F2C4561E3003CBB98 /* RMService.swift */ = {isa = PBXFileReference; lastKnownFileType = sourcecode.swift; path = RMService.swift; sourceTree = "<group>"; };
		75F6E0312C4561EF003CBB98 /* RMRequest.swift */ = {isa = PBXFileReference; lastKnownFileType = sourcecode.swift; path = RMRequest.swift; sourceTree = "<group>"; };
		75F6E0332C456276003CBB98 /* RMEndpoint.swift */ = {isa = PBXFileReference; lastKnownFileType = sourcecode.swift; path = RMEndpoint.swift; sourceTree = "<group>"; };
/* End PBXFileReference section */

/* Begin PBXFrameworksBuildPhase section */
		75F6DFEC2C438AEC003CBB98 /* Frameworks */ = {
			isa = PBXFrameworksBuildPhase;
			buildActionMask = 2147483647;
			files = (
			);
			runOnlyForDeploymentPostprocessing = 0;
		};
		75F6E0022C438AED003CBB98 /* Frameworks */ = {
			isa = PBXFrameworksBuildPhase;
			buildActionMask = 2147483647;
			files = (
			);
			runOnlyForDeploymentPostprocessing = 0;
		};
		75F6E00C2C438AED003CBB98 /* Frameworks */ = {
			isa = PBXFrameworksBuildPhase;
			buildActionMask = 2147483647;
			files = (
			);
			runOnlyForDeploymentPostprocessing = 0;
		};
/* End PBXFrameworksBuildPhase section */

/* Begin PBXGroup section */
		75F6DFE62C438AEC003CBB98 = {
			isa = PBXGroup;
			children = (
				75F6DFF12C438AEC003CBB98 /* RickMorty */,
				75F6E0082C438AED003CBB98 /* RickMortyTests */,
				75F6E0122C438AED003CBB98 /* RickMortyUITests */,
				75F6DFF02C438AEC003CBB98 /* Products */,
			);
			sourceTree = "<group>";
		};
		75F6DFF02C438AEC003CBB98 /* Products */ = {
			isa = PBXGroup;
			children = (
				75F6DFEF2C438AEC003CBB98 /* RickMorty.app */,
				75F6E0052C438AED003CBB98 /* RickMortyTests.xctest */,
				75F6E00F2C438AED003CBB98 /* RickMortyUITests.xctest */,
			);
			name = Products;
			sourceTree = "<group>";
		};
		75F6DFF12C438AEC003CBB98 /* RickMorty */ = {
			isa = PBXGroup;
			children = (
				75F6E02E2C4561BE003CBB98 /* Api */,
				75F6E0232C439328003CBB98 /* Controller */,
				75F6E0222C439308003CBB98 /* Resources */,
				75F6E0002C438AEC003CBB98 /* Info.plist */,
			);
			path = RickMorty;
			sourceTree = "<group>";
		};
		75F6E0082C438AED003CBB98 /* RickMortyTests */ = {
			isa = PBXGroup;
			children = (
				75F6E0092C438AED003CBB98 /* RickMortyTests.swift */,
			);
			path = RickMortyTests;
			sourceTree = "<group>";
		};
		75F6E0122C438AED003CBB98 /* RickMortyUITests */ = {
			isa = PBXGroup;
			children = (
				75F6E0132C438AED003CBB98 /* RickMortyUITests.swift */,
				75F6E0152C438AED003CBB98 /* RickMortyUITestsLaunchTests.swift */,
			);
			path = RickMortyUITests;
			sourceTree = "<group>";
		};
		75F6E0222C439308003CBB98 /* Resources */ = {
			isa = PBXGroup;
			children = (
				75F6DFF22C438AEC003CBB98 /* AppDelegate.swift */,
				75F6DFF42C438AEC003CBB98 /* SceneDelegate.swift */,
				75F6DFFB2C438AEC003CBB98 /* Assets.xcassets */,
				75F6DFFD2C438AEC003CBB98 /* LaunchScreen.storyboard */,
			);
			path = Resources;
			sourceTree = "<group>";
		};
		75F6E0232C439328003CBB98 /* Controller */ = {
			isa = PBXGroup;
			children = (
				75F6E0242C439AFD003CBB98 /* Core */,
			);
			path = Controller;
			sourceTree = "<group>";
		};
		75F6E0242C439AFD003CBB98 /* Core */ = {
			isa = PBXGroup;
			children = (
				75F6DFF62C438AEC003CBB98 /* RMTabBarViewController.swift */,
				75F6E0262C439B3A003CBB98 /* RMCharViewController.swift */,
				75F6E0282C439B4D003CBB98 /* RMEpisodeViewController.swift */,
				75F6E02A2C439B57003CBB98 /* RMLocationViewController.swift */,
				75F6E02C2C439C90003CBB98 /* RMSettingsViewController.swift */,
			);
			path = Core;
			sourceTree = "<group>";
		};
		75F6E02E2C4561BE003CBB98 /* Api */ = {
			isa = PBXGroup;
			children = (
				75F6E02F2C4561E3003CBB98 /* RMService.swift */,
				75F6E0312C4561EF003CBB98 /* RMRequest.swift */,
				75F6E0332C456276003CBB98 /* RMEndpoint.swift */,
			);
			path = Api;
			sourceTree = "<group>";
		};
/* End PBXGroup section */

/* Begin PBXNativeTarget section */
		75F6DFEE2C438AEC003CBB98 /* RickMorty */ = {
			isa = PBXNativeTarget;
			buildConfigurationList = 75F6E0192C438AED003CBB98 /* Build configuration list for PBXNativeTarget "RickMorty" */;
			buildPhases = (
				75F6DFEB2C438AEC003CBB98 /* Sources */,
				75F6DFEC2C438AEC003CBB98 /* Frameworks */,
				75F6DFED2C438AEC003CBB98 /* Resources */,
			);
			buildRules = (
			);
			dependencies = (
			);
			name = RickMorty;
			productName = RickMorty;
			productReference = 75F6DFEF2C438AEC003CBB98 /* RickMorty.app */;
			productType = "com.apple.product-type.application";
		};
		75F6E0042C438AED003CBB98 /* RickMortyTests */ = {
			isa = PBXNativeTarget;
			buildConfigurationList = 75F6E01C2C438AED003CBB98 /* Build configuration list for PBXNativeTarget "RickMortyTests" */;
			buildPhases = (
				75F6E0012C438AED003CBB98 /* Sources */,
				75F6E0022C438AED003CBB98 /* Frameworks */,
				75F6E0032C438AED003CBB98 /* Resources */,
			);
			buildRules = (
			);
			dependencies = (
				75F6E0072C438AED003CBB98 /* PBXTargetDependency */,
			);
			name = RickMortyTests;
			productName = RickMortyTests;
			productReference = 75F6E0052C438AED003CBB98 /* RickMortyTests.xctest */;
			productType = "com.apple.product-type.bundle.unit-test";
		};
		75F6E00E2C438AED003CBB98 /* RickMortyUITests */ = {
			isa = PBXNativeTarget;
			buildConfigurationList = 75F6E01F2C438AED003CBB98 /* Build configuration list for PBXNativeTarget "RickMortyUITests" */;
			buildPhases = (
				75F6E00B2C438AED003CBB98 /* Sources */,
				75F6E00C2C438AED003CBB98 /* Frameworks */,
				75F6E00D2C438AED003CBB98 /* Resources */,
			);
			buildRules = (
			);
			dependencies = (
				75F6E0112C438AED003CBB98 /* PBXTargetDependency */,
			);
			name = RickMortyUITests;
			productName = RickMortyUITests;
			productReference = 75F6E00F2C438AED003CBB98 /* RickMortyUITests.xctest */;
			productType = "com.apple.product-type.bundle.ui-testing";
		};
/* End PBXNativeTarget section */

/* Begin PBXProject section */
		75F6DFE72C438AEC003CBB98 /* Project object */ = {
			isa = PBXProject;
			attributes = {
				BuildIndependentTargetsInParallel = 1;
				LastSwiftUpdateCheck = 1540;
				LastUpgradeCheck = 1540;
				TargetAttributes = {
					75F6DFEE2C438AEC003CBB98 = {
						CreatedOnToolsVersion = 15.4;
					};
					75F6E0042C438AED003CBB98 = {
						CreatedOnToolsVersion = 15.4;
						TestTargetID = 75F6DFEE2C438AEC003CBB98;
					};
					75F6E00E2C438AED003CBB98 = {
						CreatedOnToolsVersion = 15.4;
						TestTargetID = 75F6DFEE2C438AEC003CBB98;
					};
				};
			};
			buildConfigurationList = 75F6DFEA2C438AEC003CBB98 /* Build configuration list for PBXProject "RickMorty" */;
			compatibilityVersion = "Xcode 14.0";
			developmentRegion = en;
			hasScannedForEncodings = 0;
			knownRegions = (
				en,
				Base,
			);
			mainGroup = 75F6DFE62C438AEC003CBB98;
			productRefGroup = 75F6DFF02C438AEC003CBB98 /* Products */;
			projectDirPath = "";
			projectRoot = "";
			targets = (
				75F6DFEE2C438AEC003CBB98 /* RickMorty */,
				75F6E0042C438AED003CBB98 /* RickMortyTests */,
				75F6E00E2C438AED003CBB98 /* RickMortyUITests */,
			);
		};
/* End PBXProject section */

/* Begin PBXResourcesBuildPhase section */
		75F6DFED2C438AEC003CBB98 /* Resources */ = {
			isa = PBXResourcesBuildPhase;
			buildActionMask = 2147483647;
			files = (
				75F6DFFC2C438AEC003CBB98 /* Assets.xcassets in Resources */,
				75F6DFFF2C438AEC003CBB98 /* Base in Resources */,
			);
			runOnlyForDeploymentPostprocessing = 0;
		};
		75F6E0032C438AED003CBB98 /* Resources */ = {
			isa = PBXResourcesBuildPhase;
			buildActionMask = 2147483647;
			files = (
			);
			runOnlyForDeploymentPostprocessing = 0;
		};
		75F6E00D2C438AED003CBB98 /* Resources */ = {
			isa = PBXResourcesBuildPhase;
			buildActionMask = 2147483647;
			files = (
			);
			runOnlyForDeploymentPostprocessing = 0;
		};
/* End PBXResourcesBuildPhase section */

/* Begin PBXSourcesBuildPhase section */
		75F6DFEB2C438AEC003CBB98 /* Sources */ = {
			isa = PBXSourcesBuildPhase;
			buildActionMask = 2147483647;
			files = (
				75F6E02B2C439B57003CBB98 /* RMLocationViewController.swift in Sources */,
				75F6E0322C4561EF003CBB98 /* RMRequest.swift in Sources */,
				75F6DFF72C438AEC003CBB98 /* RMTabBarViewController.swift in Sources */,
				75F6E0302C4561E3003CBB98 /* RMService.swift in Sources */,
				75F6E0272C439B3A003CBB98 /* RMCharViewController.swift in Sources */,
				75F6DFF32C438AEC003CBB98 /* AppDelegate.swift in Sources */,
				75F6E0292C439B4D003CBB98 /* RMEpisodeViewController.swift in Sources */,
				75F6E0342C456276003CBB98 /* RMEndpoint.swift in Sources */,
				75F6E02D2C439C90003CBB98 /* RMSettingsViewController.swift in Sources */,
				75F6DFF52C438AEC003CBB98 /* SceneDelegate.swift in Sources */,
			);
			runOnlyForDeploymentPostprocessing = 0;
		};
		75F6E0012C438AED003CBB98 /* Sources */ = {
			isa = PBXSourcesBuildPhase;
			buildActionMask = 2147483647;
			files = (
				75F6E00A2C438AED003CBB98 /* RickMortyTests.swift in Sources */,
			);
			runOnlyForDeploymentPostprocessing = 0;
		};
		75F6E00B2C438AED003CBB98 /* Sources */ = {
			isa = PBXSourcesBuildPhase;
			buildActionMask = 2147483647;
			files = (
				75F6E0142C438AED003CBB98 /* RickMortyUITests.swift in Sources */,
				75F6E0162C438AED003CBB98 /* RickMortyUITestsLaunchTests.swift in Sources */,
			);
			runOnlyForDeploymentPostprocessing = 0;
		};
/* End PBXSourcesBuildPhase section */

/* Begin PBXTargetDependency section */
		75F6E0072C438AED003CBB98 /* PBXTargetDependency */ = {
			isa = PBXTargetDependency;
			target = 75F6DFEE2C438AEC003CBB98 /* RickMorty */;
			targetProxy = 75F6E0062C438AED003CBB98 /* PBXContainerItemProxy */;
		};
		75F6E0112C438AED003CBB98 /* PBXTargetDependency */ = {
			isa = PBXTargetDependency;
			target = 75F6DFEE2C438AEC003CBB98 /* RickMorty */;
			targetProxy = 75F6E0102C438AED003CBB98 /* PBXContainerItemProxy */;
		};
/* End PBXTargetDependency section */

/* Begin PBXVariantGroup section */
		75F6DFFD2C438AEC003CBB98 /* LaunchScreen.storyboard */ = {
			isa = PBXVariantGroup;
			children = (
				75F6DFFE2C438AEC003CBB98 /* Base */,
			);
			name = LaunchScreen.storyboard;
			sourceTree = "<group>";
		};
/* End PBXVariantGroup section */

/* Begin XCBuildConfiguration section */
		75F6E0172C438AED003CBB98 /* Debug */ = {
			isa = XCBuildConfiguration;
			buildSettings = {
				ALWAYS_SEARCH_USER_PATHS = NO;
				ASSETCATALOG_COMPILER_GENERATE_SWIFT_ASSET_SYMBOL_EXTENSIONS = YES;
				CLANG_ANALYZER_NONNULL = YES;
				CLANG_ANALYZER_NUMBER_OBJECT_CONVERSION = YES_AGGRESSIVE;
				CLANG_CXX_LANGUAGE_STANDARD = "gnu++20";
				CLANG_ENABLE_MODULES = YES;
				CLANG_ENABLE_OBJC_ARC = YES;
				CLANG_ENABLE_OBJC_WEAK = YES;
				CLANG_WARN_BLOCK_CAPTURE_AUTORELEASING = YES;
				CLANG_WARN_BOOL_CONVERSION = YES;
				CLANG_WARN_COMMA = YES;
				CLANG_WARN_CONSTANT_CONVERSION = YES;
				CLANG_WARN_DEPRECATED_OBJC_IMPLEMENTATIONS = YES;
				CLANG_WARN_DIRECT_OBJC_ISA_USAGE = YES_ERROR;
				CLANG_WARN_DOCUMENTATION_COMMENTS = YES;
				CLANG_WARN_EMPTY_BODY = YES;
				CLANG_WARN_ENUM_CONVERSION = YES;
				CLANG_WARN_INFINITE_RECURSION = YES;
				CLANG_WARN_INT_CONVERSION = YES;
				CLANG_WARN_NON_LITERAL_NULL_CONVERSION = YES;
				CLANG_WARN_OBJC_IMPLICIT_RETAIN_SELF = YES;
				CLANG_WARN_OBJC_LITERAL_CONVERSION = YES;
				CLANG_WARN_OBJC_ROOT_CLASS = YES_ERROR;
				CLANG_WARN_QUOTED_INCLUDE_IN_FRAMEWORK_HEADER = YES;
				CLANG_WARN_RANGE_LOOP_ANALYSIS = YES;
				CLANG_WARN_STRICT_PROTOTYPES = YES;
				CLANG_WARN_SUSPICIOUS_MOVE = YES;
				CLANG_WARN_UNGUARDED_AVAILABILITY = YES_AGGRESSIVE;
				CLANG_WARN_UNREACHABLE_CODE = YES;
				CLANG_WARN__DUPLICATE_METHOD_MATCH = YES;
				COPY_PHASE_STRIP = NO;
				DEBUG_INFORMATION_FORMAT = dwarf;
				ENABLE_STRICT_OBJC_MSGSEND = YES;
				ENABLE_TESTABILITY = YES;
				ENABLE_USER_SCRIPT_SANDBOXING = YES;
				GCC_C_LANGUAGE_STANDARD = gnu17;
				GCC_DYNAMIC_NO_PIC = NO;
				GCC_NO_COMMON_BLOCKS = YES;
				GCC_OPTIMIZATION_LEVEL = 0;
				GCC_PREPROCESSOR_DEFINITIONS = (
					"DEBUG=1",
					"$(inherited)",
				);
				GCC_WARN_64_TO_32_BIT_CONVERSION = YES;
				GCC_WARN_ABOUT_RETURN_TYPE = YES_ERROR;
				GCC_WARN_UNDECLARED_SELECTOR = YES;
				GCC_WARN_UNINITIALIZED_AUTOS = YES_AGGRESSIVE;
				GCC_WARN_UNUSED_FUNCTION = YES;
				GCC_WARN_UNUSED_VARIABLE = YES;
				IPHONEOS_DEPLOYMENT_TARGET = 17.5;
				LOCALIZATION_PREFERS_STRING_CATALOGS = YES;
				MTL_ENABLE_DEBUG_INFO = INCLUDE_SOURCE;
				MTL_FAST_MATH = YES;
				ONLY_ACTIVE_ARCH = YES;
				SDKROOT = iphoneos;
				SWIFT_ACTIVE_COMPILATION_CONDITIONS = "DEBUG $(inherited)";
				SWIFT_OPTIMIZATION_LEVEL = "-Onone";
			};
			name = Debug;
		};
		75F6E0182C438AED003CBB98 /* Release */ = {
			isa = XCBuildConfiguration;
			buildSettings = {
				ALWAYS_SEARCH_USER_PATHS = NO;
				ASSETCATALOG_COMPILER_GENERATE_SWIFT_ASSET_SYMBOL_EXTENSIONS = YES;
				CLANG_ANALYZER_NONNULL = YES;
				CLANG_ANALYZER_NUMBER_OBJECT_CONVERSION = YES_AGGRESSIVE;
				CLANG_CXX_LANGUAGE_STANDARD = "gnu++20";
				CLANG_ENABLE_MODULES = YES;
				CLANG_ENABLE_OBJC_ARC = YES;
				CLANG_ENABLE_OBJC_WEAK = YES;
				CLANG_WARN_BLOCK_CAPTURE_AUTORELEASING = YES;
				CLANG_WARN_BOOL_CONVERSION = YES;
				CLANG_WARN_COMMA = YES;
				CLANG_WARN_CONSTANT_CONVERSION = YES;
				CLANG_WARN_DEPRECATED_OBJC_IMPLEMENTATIONS = YES;
				CLANG_WARN_DIRECT_OBJC_ISA_USAGE = YES_ERROR;
				CLANG_WARN_DOCUMENTATION_COMMENTS = YES;
				CLANG_WARN_EMPTY_BODY = YES;
				CLANG_WARN_ENUM_CONVERSION = YES;
				CLANG_WARN_INFINITE_RECURSION = YES;
				CLANG_WARN_INT_CONVERSION = YES;
				CLANG_WARN_NON_LITERAL_NULL_CONVERSION = YES;
				CLANG_WARN_OBJC_IMPLICIT_RETAIN_SELF = YES;
				CLANG_WARN_OBJC_LITERAL_CONVERSION = YES;
				CLANG_WARN_OBJC_ROOT_CLASS = YES_ERROR;
				CLANG_WARN_QUOTED_INCLUDE_IN_FRAMEWORK_HEADER = YES;
				CLANG_WARN_RANGE_LOOP_ANALYSIS = YES;
				CLANG_WARN_STRICT_PROTOTYPES = YES;
				CLANG_WARN_SUSPICIOUS_MOVE = YES;
				CLANG_WARN_UNGUARDED_AVAILABILITY = YES_AGGRESSIVE;
				CLANG_WARN_UNREACHABLE_CODE = YES;
				CLANG_WARN__DUPLICATE_METHOD_MATCH = YES;
				COPY_PHASE_STRIP = NO;
				DEBUG_INFORMATION_FORMAT = "dwarf-with-dsym";
				ENABLE_NS_ASSERTIONS = NO;
				ENABLE_STRICT_OBJC_MSGSEND = YES;
				ENABLE_USER_SCRIPT_SANDBOXING = YES;
				GCC_C_LANGUAGE_STANDARD = gnu17;
				GCC_NO_COMMON_BLOCKS = YES;
				GCC_WARN_64_TO_32_BIT_CONVERSION = YES;
				GCC_WARN_ABOUT_RETURN_TYPE = YES_ERROR;
				GCC_WARN_UNDECLARED_SELECTOR = YES;
				GCC_WARN_UNINITIALIZED_AUTOS = YES_AGGRESSIVE;
				GCC_WARN_UNUSED_FUNCTION = YES;
				GCC_WARN_UNUSED_VARIABLE = YES;
				IPHONEOS_DEPLOYMENT_TARGET = 17.5;
				LOCALIZATION_PREFERS_STRING_CATALOGS = YES;
				MTL_ENABLE_DEBUG_INFO = NO;
				MTL_FAST_MATH = YES;
				SDKROOT = iphoneos;
				SWIFT_COMPILATION_MODE = wholemodule;
				VALIDATE_PRODUCT = YES;
			};
			name = Release;
		};
		75F6E01A2C438AED003CBB98 /* Debug */ = {
			isa = XCBuildConfiguration;
			buildSettings = {
				ASSETCATALOG_COMPILER_APPICON_NAME = AppIcon;
				ASSETCATALOG_COMPILER_GLOBAL_ACCENT_COLOR_NAME = AccentColor;
				CODE_SIGN_STYLE = Automatic;
				CURRENT_PROJECT_VERSION = 1;
				GENERATE_INFOPLIST_FILE = YES;
				INFOPLIST_FILE = RickMorty/Info.plist;
				INFOPLIST_KEY_UIApplicationSupportsIndirectInputEvents = YES;
				INFOPLIST_KEY_UILaunchStoryboardName = LaunchScreen;
				INFOPLIST_KEY_UISupportedInterfaceOrientations_iPad = "UIInterfaceOrientationPortrait UIInterfaceOrientationPortraitUpsideDown UIInterfaceOrientationLandscapeLeft UIInterfaceOrientationLandscapeRight";
				INFOPLIST_KEY_UISupportedInterfaceOrientations_iPhone = "UIInterfaceOrientationPortrait UIInterfaceOrientationLandscapeLeft UIInterfaceOrientationLandscapeRight";
				LD_RUNPATH_SEARCH_PATHS = (
					"$(inherited)",
					"@executable_path/Frameworks",
				);
				MARKETING_VERSION = 1.0;
				PRODUCT_BUNDLE_IDENTIFIER = com.dantes.RickMorty;
				PRODUCT_NAME = "$(TARGET_NAME)";
				SWIFT_EMIT_LOC_STRINGS = YES;
				SWIFT_VERSION = 5.0;
				TARGETED_DEVICE_FAMILY = "1,2";
			};
			name = Debug;
		};
		75F6E01B2C438AED003CBB98 /* Release */ = {
			isa = XCBuildConfiguration;
			buildSettings = {
				ASSETCATALOG_COMPILER_APPICON_NAME = AppIcon;
				ASSETCATALOG_COMPILER_GLOBAL_ACCENT_COLOR_NAME = AccentColor;
				CODE_SIGN_STYLE = Automatic;
				CURRENT_PROJECT_VERSION = 1;
				GENERATE_INFOPLIST_FILE = YES;
				INFOPLIST_FILE = RickMorty/Info.plist;
				INFOPLIST_KEY_UIApplicationSupportsIndirectInputEvents = YES;
				INFOPLIST_KEY_UILaunchStoryboardName = LaunchScreen;
				INFOPLIST_KEY_UISupportedInterfaceOrientations_iPad = "UIInterfaceOrientationPortrait UIInterfaceOrientationPortraitUpsideDown UIInterfaceOrientationLandscapeLeft UIInterfaceOrientationLandscapeRight";
				INFOPLIST_KEY_UISupportedInterfaceOrientations_iPhone = "UIInterfaceOrientationPortrait UIInterfaceOrientationLandscapeLeft UIInterfaceOrientationLandscapeRight";
				LD_RUNPATH_SEARCH_PATHS = (
					"$(inherited)",
					"@executable_path/Frameworks",
				);
				MARKETING_VERSION = 1.0;
				PRODUCT_BUNDLE_IDENTIFIER = com.dantes.RickMorty;
				PRODUCT_NAME = "$(TARGET_NAME)";
				SWIFT_EMIT_LOC_STRINGS = YES;
				SWIFT_VERSION = 5.0;
				TARGETED_DEVICE_FAMILY = "1,2";
			};
			name = Release;
		};
		75F6E01D2C438AED003CBB98 /* Debug */ = {
			isa = XCBuildConfiguration;
			buildSettings = {
				ALWAYS_EMBED_SWIFT_STANDARD_LIBRARIES = YES;
				BUNDLE_LOADER = "$(TEST_HOST)";
				CODE_SIGN_STYLE = Automatic;
				CURRENT_PROJECT_VERSION = 1;
				GENERATE_INFOPLIST_FILE = YES;
				IPHONEOS_DEPLOYMENT_TARGET = 17.5;
				MARKETING_VERSION = 1.0;
				PRODUCT_BUNDLE_IDENTIFIER = com.dantes.RickMortyTests;
				PRODUCT_NAME = "$(TARGET_NAME)";
				SWIFT_EMIT_LOC_STRINGS = NO;
				SWIFT_VERSION = 5.0;
				TARGETED_DEVICE_FAMILY = "1,2";
				TEST_HOST = "$(BUILT_PRODUCTS_DIR)/RickMorty.app/$(BUNDLE_EXECUTABLE_FOLDER_PATH)/RickMorty";
			};
			name = Debug;
		};
		75F6E01E2C438AED003CBB98 /* Release */ = {
			isa = XCBuildConfiguration;
			buildSettings = {
				ALWAYS_EMBED_SWIFT_STANDARD_LIBRARIES = YES;
				BUNDLE_LOADER = "$(TEST_HOST)";
				CODE_SIGN_STYLE = Automatic;
				CURRENT_PROJECT_VERSION = 1;
				GENERATE_INFOPLIST_FILE = YES;
				IPHONEOS_DEPLOYMENT_TARGET = 17.5;
				MARKETING_VERSION = 1.0;
				PRODUCT_BUNDLE_IDENTIFIER = com.dantes.RickMortyTests;
				PRODUCT_NAME = "$(TARGET_NAME)";
				SWIFT_EMIT_LOC_STRINGS = NO;
				SWIFT_VERSION = 5.0;
				TARGETED_DEVICE_FAMILY = "1,2";
				TEST_HOST = "$(BUILT_PRODUCTS_DIR)/RickMorty.app/$(BUNDLE_EXECUTABLE_FOLDER_PATH)/RickMorty";
			};
			name = Release;
		};
		75F6E0202C438AED003CBB98 /* Debug */ = {
			isa = XCBuildConfiguration;
			buildSettings = {
				ALWAYS_EMBED_SWIFT_STANDARD_LIBRARIES = YES;
				CODE_SIGN_STYLE = Automatic;
				CURRENT_PROJECT_VERSION = 1;
				GENERATE_INFOPLIST_FILE = YES;
				MARKETING_VERSION = 1.0;
				PRODUCT_BUNDLE_IDENTIFIER = com.dantes.RickMortyUITests;
				PRODUCT_NAME = "$(TARGET_NAME)";
				SWIFT_EMIT_LOC_STRINGS = NO;
				SWIFT_VERSION = 5.0;
				TARGETED_DEVICE_FAMILY = "1,2";
				TEST_TARGET_NAME = RickMorty;
			};
			name = Debug;
		};
		75F6E0212C438AED003CBB98 /* Release */ = {
			isa = XCBuildConfiguration;
			buildSettings = {
				ALWAYS_EMBED_SWIFT_STANDARD_LIBRARIES = YES;
				CODE_SIGN_STYLE = Automatic;
				CURRENT_PROJECT_VERSION = 1;
				GENERATE_INFOPLIST_FILE = YES;
				MARKETING_VERSION = 1.0;
				PRODUCT_BUNDLE_IDENTIFIER = com.dantes.RickMortyUITests;
				PRODUCT_NAME = "$(TARGET_NAME)";
				SWIFT_EMIT_LOC_STRINGS = NO;
				SWIFT_VERSION = 5.0;
				TARGETED_DEVICE_FAMILY = "1,2";
				TEST_TARGET_NAME = RickMorty;
			};
			name = Release;
		};
/* End XCBuildConfiguration section */

/* Begin XCConfigurationList section */
		75F6DFEA2C438AEC003CBB98 /* Build configuration list for PBXProject "RickMorty" */ = {
			isa = XCConfigurationList;
			buildConfigurations = (
				75F6E0172C438AED003CBB98 /* Debug */,
				75F6E0182C438AED003CBB98 /* Release */,
			);
			defaultConfigurationIsVisible = 0;
			defaultConfigurationName = Release;
		};
		75F6E0192C438AED003CBB98 /* Build configuration list for PBXNativeTarget "RickMorty" */ = {
			isa = XCConfigurationList;
			buildConfigurations = (
				75F6E01A2C438AED003CBB98 /* Debug */,
				75F6E01B2C438AED003CBB98 /* Release */,
			);
			defaultConfigurationIsVisible = 0;
			defaultConfigurationName = Release;
		};
		75F6E01C2C438AED003CBB98 /* Build configuration list for PBXNativeTarget "RickMortyTests" */ = {
			isa = XCConfigurationList;
			buildConfigurations = (
				75F6E01D2C438AED003CBB98 /* Debug */,
				75F6E01E2C438AED003CBB98 /* Release */,
			);
			defaultConfigurationIsVisible = 0;
			defaultConfigurationName = Release;
		};
		75F6E01F2C438AED003CBB98 /* Build configuration list for PBXNativeTarget "RickMortyUITests" */ = {
			isa = XCConfigurationList;
			buildConfigurations = (
				75F6E0202C438AED003CBB98 /* Debug */,
				75F6E0212C438AED003CBB98 /* Release */,
			);
			defaultConfigurationIsVisible = 0;
			defaultConfigurationName = Release;
		};
/* End XCConfigurationList section */
	};
	rootObject = 75F6DFE72C438AEC003CBB98 /* Project object */;
}
